// !$*UTF8*$!
{
	archiveVersion = 1;
	classes = {
	};
	objectVersion = 50;
	objects = {

/* Begin PBXBuildFile section */
		45C6232BBA6A9B525626C097 /* Pods_Model.framework in Frameworks */ = {isa = PBXBuildFile; fileRef = 2E547E2F4966F05551BC1E52 /* Pods_Model.framework */; };
		9F2A1D832269CEBC00F6D903 /* Model.h in Headers */ = {isa = PBXBuildFile; fileRef = 9F2A1D812269CEBC00F6D903 /* Model.h */; settings = {ATTRIBUTES = (Public, ); }; };
		9F2A1D862269CEBC00F6D903 /* Model.framework in Frameworks */ = {isa = PBXBuildFile; fileRef = 9F2A1D7F2269CEBC00F6D903 /* Model.framework */; };
		9F2A1D872269CEBC00F6D903 /* Model.framework in Embed Frameworks */ = {isa = PBXBuildFile; fileRef = 9F2A1D7F2269CEBC00F6D903 /* Model.framework */; settings = {ATTRIBUTES = (CodeSignOnCopy, RemoveHeadersOnCopy, ); }; };
		9F2A1DBB2269D4EC00F6D903 /* APIError.swift in Sources */ = {isa = PBXBuildFile; fileRef = 9F2A1DAA2269D4EB00F6D903 /* APIError.swift */; };
		9F2A1DBC2269D4EC00F6D903 /* ModelError.swift in Sources */ = {isa = PBXBuildFile; fileRef = 9F2A1DAB2269D4EB00F6D903 /* ModelError.swift */; };
		9F2A1DBD2269D4EC00F6D903 /* APIConfig.swift in Sources */ = {isa = PBXBuildFile; fileRef = 9F2A1DAC2269D4EB00F6D903 /* APIConfig.swift */; };
		9F2A1DBE2269D4EC00F6D903 /* BaseRouter.swift in Sources */ = {isa = PBXBuildFile; fileRef = 9F2A1DAD2269D4EB00F6D903 /* BaseRouter.swift */; };
		9F2A1DBF2269D4EC00F6D903 /* ErrorResponse.swift in Sources */ = {isa = PBXBuildFile; fileRef = 9F2A1DAE2269D4EB00F6D903 /* ErrorResponse.swift */; };
		9F2A1DC02269D4EC00F6D903 /* AuthHeaders.swift in Sources */ = {isa = PBXBuildFile; fileRef = 9F2A1DAF2269D4EB00F6D903 /* AuthHeaders.swift */; };
		9F2A1DC12269D4EC00F6D903 /* Date+JSON.swift in Sources */ = {isa = PBXBuildFile; fileRef = 9F2A1DB12269D4EB00F6D903 /* Date+JSON.swift */; };
		9F2A1DC22269D4EC00F6D903 /* RxSwiftAPIClient.swift in Sources */ = {isa = PBXBuildFile; fileRef = 9F2A1DB22269D4EB00F6D903 /* RxSwiftAPIClient.swift */; };
		9F2A1DC32269D4EC00F6D903 /* SourceRouter.swift in Sources */ = {isa = PBXBuildFile; fileRef = 9F2A1DB42269D4EB00F6D903 /* SourceRouter.swift */; };
		9F2A1DC42269D4EC00F6D903 /* DataModel.swift in Sources */ = {isa = PBXBuildFile; fileRef = 9F2A1DB62269D4EB00F6D903 /* DataModel.swift */; };
		9F36C6AA21426EBB006DEDCB /* AppDelegate.swift in Sources */ = {isa = PBXBuildFile; fileRef = 9F36C6A921426EBB006DEDCB /* AppDelegate.swift */; };
		9F36C6AC21426EBC006DEDCB /* ViewController.swift in Sources */ = {isa = PBXBuildFile; fileRef = 9F36C6AB21426EBC006DEDCB /* ViewController.swift */; };
		9F36C6AF21426EBC006DEDCB /* Main.storyboard in Resources */ = {isa = PBXBuildFile; fileRef = 9F36C6AD21426EBC006DEDCB /* Main.storyboard */; };
		9F36C6B121426EBD006DEDCB /* Assets.xcassets in Resources */ = {isa = PBXBuildFile; fileRef = 9F36C6B021426EBD006DEDCB /* Assets.xcassets */; };
		9F36C6B421426EBD006DEDCB /* LaunchScreen.storyboard in Resources */ = {isa = PBXBuildFile; fileRef = 9F36C6B221426EBD006DEDCB /* LaunchScreen.storyboard */; };
		9F4AA353219AC20B00302F0C /* LoginViewController.swift in Sources */ = {isa = PBXBuildFile; fileRef = 9F4AA352219AC20B00302F0C /* LoginViewController.swift */; };
		9F643A1F2185D5E600A7EFAF /* MyTableViewCell.swift in Sources */ = {isa = PBXBuildFile; fileRef = 9F643A1E2185D5E600A7EFAF /* MyTableViewCell.swift */; };
		9F643A212185D66300A7EFAF /* MyViewController.swift in Sources */ = {isa = PBXBuildFile; fileRef = 9F643A202185D66300A7EFAF /* MyViewController.swift */; };
		9F6F8CF62269DDA50012AD86 /* Source.swift in Sources */ = {isa = PBXBuildFile; fileRef = 9F6F8CF52269DDA50012AD86 /* Source.swift */; };
		9F6F8CF82269DDD10012AD86 /* Source+API.swift in Sources */ = {isa = PBXBuildFile; fileRef = 9F6F8CF72269DDD10012AD86 /* Source+API.swift */; };
		9F6F8D042269E2950012AD86 /* CollectionViewCell.swift in Sources */ = {isa = PBXBuildFile; fileRef = 9F6F8CFB2269E2950012AD86 /* CollectionViewCell.swift */; };
		9F6F8D052269E2950012AD86 /* ImageView.swift in Sources */ = {isa = PBXBuildFile; fileRef = 9F6F8CFD2269E2950012AD86 /* ImageView.swift */; };
		9F6F8D062269E2950012AD86 /* TableViewCell.swift in Sources */ = {isa = PBXBuildFile; fileRef = 9F6F8CFF2269E2950012AD86 /* TableViewCell.swift */; };
		9F6F8D072269E2950012AD86 /* TextField.swift in Sources */ = {isa = PBXBuildFile; fileRef = 9F6F8D012269E2950012AD86 /* TextField.swift */; };
		9F6F8D082269E2950012AD86 /* Loader.swift in Sources */ = {isa = PBXBuildFile; fileRef = 9F6F8D032269E2950012AD86 /* Loader.swift */; };
		9F6F8D172269E2C30012AD86 /* UIViewController+Helper.swift in Sources */ = {isa = PBXBuildFile; fileRef = 9F6F8D0A2269E2C30012AD86 /* UIViewController+Helper.swift */; };
		9F6F8D182269E2C30012AD86 /* NavigationBar.swift in Sources */ = {isa = PBXBuildFile; fileRef = 9F6F8D0B2269E2C30012AD86 /* NavigationBar.swift */; };
		9F6F8D1A2269E2C30012AD86 /* UIView+Helper.swift in Sources */ = {isa = PBXBuildFile; fileRef = 9F6F8D0D2269E2C30012AD86 /* UIView+Helper.swift */; };
		9F6F8D1B2269E2C30012AD86 /* AppUtility.swift in Sources */ = {isa = PBXBuildFile; fileRef = 9F6F8D0E2269E2C30012AD86 /* AppUtility.swift */; };
		9F6F8D1C2269E2C30012AD86 /* Fonts.swift in Sources */ = {isa = PBXBuildFile; fileRef = 9F6F8D0F2269E2C30012AD86 /* Fonts.swift */; };
		9F6F8D1D2269E2C30012AD86 /* HTML+Helper.swift in Sources */ = {isa = PBXBuildFile; fileRef = 9F6F8D102269E2C30012AD86 /* HTML+Helper.swift */; };
		9F6F8D1E2269E2C30012AD86 /* Int+Random.swift in Sources */ = {isa = PBXBuildFile; fileRef = 9F6F8D112269E2C30012AD86 /* Int+Random.swift */; };
		9F6F8D1F2269E2C30012AD86 /* Colors.swift in Sources */ = {isa = PBXBuildFile; fileRef = 9F6F8D122269E2C30012AD86 /* Colors.swift */; };
		9F6F8D202269E2C30012AD86 /* Date+Helper.swift in Sources */ = {isa = PBXBuildFile; fileRef = 9F6F8D132269E2C30012AD86 /* Date+Helper.swift */; };
		9F6F8D212269E2C30012AD86 /* NavigationItem.swift in Sources */ = {isa = PBXBuildFile; fileRef = 9F6F8D142269E2C30012AD86 /* NavigationItem.swift */; };
		9F6F8D222269E2C30012AD86 /* UIView+Slider.swift in Sources */ = {isa = PBXBuildFile; fileRef = 9F6F8D152269E2C30012AD86 /* UIView+Slider.swift */; };
		9F6F8D232269E2C30012AD86 /* String+Helper.swift in Sources */ = {isa = PBXBuildFile; fileRef = 9F6F8D162269E2C30012AD86 /* String+Helper.swift */; };
		9F7889BF21733F18003C56D9 /* FilteringOperators.swift in Sources */ = {isa = PBXBuildFile; fileRef = 9F7889BE21733F18003C56D9 /* FilteringOperators.swift */; };
		9F8A4A802226776400FC30C4 /* ImageCollage.storyboard in Resources */ = {isa = PBXBuildFile; fileRef = 9F8A4A7F2226776400FC30C4 /* ImageCollage.storyboard */; };
		9F8A4A822226791300FC30C4 /* ImageCollageViewController.swift in Sources */ = {isa = PBXBuildFile; fileRef = 9F8A4A812226791300FC30C4 /* ImageCollageViewController.swift */; };
		9FA4BB412162BA9D009A2A41 /* ObservableDemo.swift in Sources */ = {isa = PBXBuildFile; fileRef = 9FA4BB402162BA9D009A2A41 /* ObservableDemo.swift */; };
		9FA57DC5221F05B100326B17 /* SubjectsDemo.swift in Sources */ = {isa = PBXBuildFile; fileRef = 9FA57DC4221F05B100326B17 /* SubjectsDemo.swift */; };
		9FD495892184AA7500B7E56E /* TransformingOperators.swift in Sources */ = {isa = PBXBuildFile; fileRef = 9FD495882184AA7500B7E56E /* TransformingOperators.swift */; };
		9FEE8F27226A272200DAF030 /* SourceTableViewCell.swift in Sources */ = {isa = PBXBuildFile; fileRef = 9FEE8F26226A272200DAF030 /* SourceTableViewCell.swift */; };
		D4530919CCF0B76B0B67491B /* Pods_RxSwiftNew.framework in Frameworks */ = {isa = PBXBuildFile; fileRef = 0C547FB965E30238AAC5F552 /* Pods_RxSwiftNew.framework */; };
/* End PBXBuildFile section */

/* Begin PBXContainerItemProxy section */
		9F2A1D842269CEBC00F6D903 /* PBXContainerItemProxy */ = {
			isa = PBXContainerItemProxy;
			containerPortal = 9F36C69E21426EBB006DEDCB /* Project object */;
			proxyType = 1;
			remoteGlobalIDString = 9F2A1D7E2269CEBC00F6D903;
			remoteInfo = Model;
		};
/* End PBXContainerItemProxy section */

/* Begin PBXCopyFilesBuildPhase section */
		9F2A1D8B2269CEBC00F6D903 /* Embed Frameworks */ = {
			isa = PBXCopyFilesBuildPhase;
			buildActionMask = 2147483647;
			dstPath = "";
			dstSubfolderSpec = 10;
			files = (
				9F2A1D872269CEBC00F6D903 /* Model.framework in Embed Frameworks */,
			);
			name = "Embed Frameworks";
			runOnlyForDeploymentPostprocessing = 0;
		};
/* End PBXCopyFilesBuildPhase section */

/* Begin PBXFileReference section */
		0C547FB965E30238AAC5F552 /* Pods_RxSwiftNew.framework */ = {isa = PBXFileReference; explicitFileType = wrapper.framework; includeInIndex = 0; path = Pods_RxSwiftNew.framework; sourceTree = BUILT_PRODUCTS_DIR; };
		2E547E2F4966F05551BC1E52 /* Pods_Model.framework */ = {isa = PBXFileReference; explicitFileType = wrapper.framework; includeInIndex = 0; path = Pods_Model.framework; sourceTree = BUILT_PRODUCTS_DIR; };
		31A739B7392D6793650322FA /* Pods-RxSwiftNew.release.xcconfig */ = {isa = PBXFileReference; includeInIndex = 1; lastKnownFileType = text.xcconfig; name = "Pods-RxSwiftNew.release.xcconfig"; path = "Pods/Target Support Files/Pods-RxSwiftNew/Pods-RxSwiftNew.release.xcconfig"; sourceTree = "<group>"; };
		4AE1D8F7FE079D7EF9C1EF5B /* Pods-Model.release.xcconfig */ = {isa = PBXFileReference; includeInIndex = 1; lastKnownFileType = text.xcconfig; name = "Pods-Model.release.xcconfig"; path = "Pods/Target Support Files/Pods-Model/Pods-Model.release.xcconfig"; sourceTree = "<group>"; };
		4D0657B16A5593EFC5AC148C /* Pods-RxSwiftNew.debug.xcconfig */ = {isa = PBXFileReference; includeInIndex = 1; lastKnownFileType = text.xcconfig; name = "Pods-RxSwiftNew.debug.xcconfig"; path = "Pods/Target Support Files/Pods-RxSwiftNew/Pods-RxSwiftNew.debug.xcconfig"; sourceTree = "<group>"; };
		51E17D2DB07D0F3468440D77 /* Pods-Model.debug.xcconfig */ = {isa = PBXFileReference; includeInIndex = 1; lastKnownFileType = text.xcconfig; name = "Pods-Model.debug.xcconfig"; path = "Pods/Target Support Files/Pods-Model/Pods-Model.debug.xcconfig"; sourceTree = "<group>"; };
		9F2A1D7F2269CEBC00F6D903 /* Model.framework */ = {isa = PBXFileReference; explicitFileType = wrapper.framework; includeInIndex = 0; path = Model.framework; sourceTree = BUILT_PRODUCTS_DIR; };
		9F2A1D812269CEBC00F6D903 /* Model.h */ = {isa = PBXFileReference; lastKnownFileType = sourcecode.c.h; path = Model.h; sourceTree = "<group>"; };
		9F2A1D822269CEBC00F6D903 /* Info.plist */ = {isa = PBXFileReference; lastKnownFileType = text.plist.xml; path = Info.plist; sourceTree = "<group>"; };
		9F2A1DAA2269D4EB00F6D903 /* APIError.swift */ = {isa = PBXFileReference; fileEncoding = 4; lastKnownFileType = sourcecode.swift; path = APIError.swift; sourceTree = "<group>"; };
		9F2A1DAB2269D4EB00F6D903 /* ModelError.swift */ = {isa = PBXFileReference; fileEncoding = 4; lastKnownFileType = sourcecode.swift; path = ModelError.swift; sourceTree = "<group>"; };
		9F2A1DAC2269D4EB00F6D903 /* APIConfig.swift */ = {isa = PBXFileReference; fileEncoding = 4; lastKnownFileType = sourcecode.swift; path = APIConfig.swift; sourceTree = "<group>"; };
		9F2A1DAD2269D4EB00F6D903 /* BaseRouter.swift */ = {isa = PBXFileReference; fileEncoding = 4; lastKnownFileType = sourcecode.swift; path = BaseRouter.swift; sourceTree = "<group>"; };
		9F2A1DAE2269D4EB00F6D903 /* ErrorResponse.swift */ = {isa = PBXFileReference; fileEncoding = 4; lastKnownFileType = sourcecode.swift; path = ErrorResponse.swift; sourceTree = "<group>"; };
		9F2A1DAF2269D4EB00F6D903 /* AuthHeaders.swift */ = {isa = PBXFileReference; fileEncoding = 4; lastKnownFileType = sourcecode.swift; path = AuthHeaders.swift; sourceTree = "<group>"; };
		9F2A1DB12269D4EB00F6D903 /* Date+JSON.swift */ = {isa = PBXFileReference; fileEncoding = 4; lastKnownFileType = sourcecode.swift; path = "Date+JSON.swift"; sourceTree = "<group>"; };
		9F2A1DB22269D4EB00F6D903 /* RxSwiftAPIClient.swift */ = {isa = PBXFileReference; fileEncoding = 4; lastKnownFileType = sourcecode.swift; path = RxSwiftAPIClient.swift; sourceTree = "<group>"; };
		9F2A1DB42269D4EB00F6D903 /* SourceRouter.swift */ = {isa = PBXFileReference; fileEncoding = 4; lastKnownFileType = sourcecode.swift; path = SourceRouter.swift; sourceTree = "<group>"; };
		9F2A1DB62269D4EB00F6D903 /* DataModel.swift */ = {isa = PBXFileReference; fileEncoding = 4; lastKnownFileType = sourcecode.swift; path = DataModel.swift; sourceTree = "<group>"; };
		9F36C6A621426EBB006DEDCB /* RxSwiftNew.app */ = {isa = PBXFileReference; explicitFileType = wrapper.application; includeInIndex = 0; path = RxSwiftNew.app; sourceTree = BUILT_PRODUCTS_DIR; };
		9F36C6A921426EBB006DEDCB /* AppDelegate.swift */ = {isa = PBXFileReference; lastKnownFileType = sourcecode.swift; path = AppDelegate.swift; sourceTree = "<group>"; };
		9F36C6AB21426EBC006DEDCB /* ViewController.swift */ = {isa = PBXFileReference; lastKnownFileType = sourcecode.swift; path = ViewController.swift; sourceTree = "<group>"; };
		9F36C6AE21426EBC006DEDCB /* Base */ = {isa = PBXFileReference; lastKnownFileType = file.storyboard; name = Base; path = Base.lproj/Main.storyboard; sourceTree = "<group>"; };
		9F36C6B021426EBD006DEDCB /* Assets.xcassets */ = {isa = PBXFileReference; lastKnownFileType = folder.assetcatalog; path = Assets.xcassets; sourceTree = "<group>"; };
		9F36C6B321426EBD006DEDCB /* Base */ = {isa = PBXFileReference; lastKnownFileType = file.storyboard; name = Base; path = Base.lproj/LaunchScreen.storyboard; sourceTree = "<group>"; };
		9F36C6B521426EBD006DEDCB /* Info.plist */ = {isa = PBXFileReference; lastKnownFileType = text.plist.xml; path = Info.plist; sourceTree = "<group>"; };
		9F4AA352219AC20B00302F0C /* LoginViewController.swift */ = {isa = PBXFileReference; lastKnownFileType = sourcecode.swift; path = LoginViewController.swift; sourceTree = "<group>"; };
		9F643A1E2185D5E600A7EFAF /* MyTableViewCell.swift */ = {isa = PBXFileReference; lastKnownFileType = sourcecode.swift; path = MyTableViewCell.swift; sourceTree = "<group>"; };
		9F643A202185D66300A7EFAF /* MyViewController.swift */ = {isa = PBXFileReference; lastKnownFileType = sourcecode.swift; path = MyViewController.swift; sourceTree = "<group>"; };
		9F6F8CF52269DDA50012AD86 /* Source.swift */ = {isa = PBXFileReference; lastKnownFileType = sourcecode.swift; path = Source.swift; sourceTree = "<group>"; };
		9F6F8CF72269DDD10012AD86 /* Source+API.swift */ = {isa = PBXFileReference; lastKnownFileType = sourcecode.swift; path = "Source+API.swift"; sourceTree = "<group>"; };
		9F6F8CFB2269E2950012AD86 /* CollectionViewCell.swift */ = {isa = PBXFileReference; fileEncoding = 4; lastKnownFileType = sourcecode.swift; path = CollectionViewCell.swift; sourceTree = "<group>"; };
		9F6F8CFD2269E2950012AD86 /* ImageView.swift */ = {isa = PBXFileReference; fileEncoding = 4; lastKnownFileType = sourcecode.swift; path = ImageView.swift; sourceTree = "<group>"; };
		9F6F8CFF2269E2950012AD86 /* TableViewCell.swift */ = {isa = PBXFileReference; fileEncoding = 4; lastKnownFileType = sourcecode.swift; path = TableViewCell.swift; sourceTree = "<group>"; };
		9F6F8D012269E2950012AD86 /* TextField.swift */ = {isa = PBXFileReference; fileEncoding = 4; lastKnownFileType = sourcecode.swift; path = TextField.swift; sourceTree = "<group>"; };
		9F6F8D032269E2950012AD86 /* Loader.swift */ = {isa = PBXFileReference; fileEncoding = 4; lastKnownFileType = sourcecode.swift; path = Loader.swift; sourceTree = "<group>"; };
		9F6F8D0A2269E2C30012AD86 /* UIViewController+Helper.swift */ = {isa = PBXFileReference; fileEncoding = 4; lastKnownFileType = sourcecode.swift; path = "UIViewController+Helper.swift"; sourceTree = "<group>"; };
		9F6F8D0B2269E2C30012AD86 /* NavigationBar.swift */ = {isa = PBXFileReference; fileEncoding = 4; lastKnownFileType = sourcecode.swift; path = NavigationBar.swift; sourceTree = "<group>"; };
		9F6F8D0D2269E2C30012AD86 /* UIView+Helper.swift */ = {isa = PBXFileReference; fileEncoding = 4; lastKnownFileType = sourcecode.swift; path = "UIView+Helper.swift"; sourceTree = "<group>"; };
		9F6F8D0E2269E2C30012AD86 /* AppUtility.swift */ = {isa = PBXFileReference; fileEncoding = 4; lastKnownFileType = sourcecode.swift; path = AppUtility.swift; sourceTree = "<group>"; };
		9F6F8D0F2269E2C30012AD86 /* Fonts.swift */ = {isa = PBXFileReference; fileEncoding = 4; lastKnownFileType = sourcecode.swift; path = Fonts.swift; sourceTree = "<group>"; };
		9F6F8D102269E2C30012AD86 /* HTML+Helper.swift */ = {isa = PBXFileReference; fileEncoding = 4; lastKnownFileType = sourcecode.swift; path = "HTML+Helper.swift"; sourceTree = "<group>"; };
		9F6F8D112269E2C30012AD86 /* Int+Random.swift */ = {isa = PBXFileReference; fileEncoding = 4; lastKnownFileType = sourcecode.swift; path = "Int+Random.swift"; sourceTree = "<group>"; };
		9F6F8D122269E2C30012AD86 /* Colors.swift */ = {isa = PBXFileReference; fileEncoding = 4; lastKnownFileType = sourcecode.swift; path = Colors.swift; sourceTree = "<group>"; };
		9F6F8D132269E2C30012AD86 /* Date+Helper.swift */ = {isa = PBXFileReference; fileEncoding = 4; lastKnownFileType = sourcecode.swift; path = "Date+Helper.swift"; sourceTree = "<group>"; };
		9F6F8D142269E2C30012AD86 /* NavigationItem.swift */ = {isa = PBXFileReference; fileEncoding = 4; lastKnownFileType = sourcecode.swift; path = NavigationItem.swift; sourceTree = "<group>"; };
		9F6F8D152269E2C30012AD86 /* UIView+Slider.swift */ = {isa = PBXFileReference; fileEncoding = 4; lastKnownFileType = sourcecode.swift; path = "UIView+Slider.swift"; sourceTree = "<group>"; };
		9F6F8D162269E2C30012AD86 /* String+Helper.swift */ = {isa = PBXFileReference; fileEncoding = 4; lastKnownFileType = sourcecode.swift; path = "String+Helper.swift"; sourceTree = "<group>"; };
		9F7889BE21733F18003C56D9 /* FilteringOperators.swift */ = {isa = PBXFileReference; lastKnownFileType = sourcecode.swift; path = FilteringOperators.swift; sourceTree = "<group>"; };
		9F8A4A7F2226776400FC30C4 /* ImageCollage.storyboard */ = {isa = PBXFileReference; lastKnownFileType = file.storyboard; path = ImageCollage.storyboard; sourceTree = "<group>"; };
		9F8A4A812226791300FC30C4 /* ImageCollageViewController.swift */ = {isa = PBXFileReference; lastKnownFileType = sourcecode.swift; path = ImageCollageViewController.swift; sourceTree = "<group>"; };
		9FA4BB402162BA9D009A2A41 /* ObservableDemo.swift */ = {isa = PBXFileReference; lastKnownFileType = sourcecode.swift; path = ObservableDemo.swift; sourceTree = "<group>"; };
		9FA57DC4221F05B100326B17 /* SubjectsDemo.swift */ = {isa = PBXFileReference; lastKnownFileType = sourcecode.swift; path = SubjectsDemo.swift; sourceTree = "<group>"; };
		9FD495882184AA7500B7E56E /* TransformingOperators.swift */ = {isa = PBXFileReference; lastKnownFileType = sourcecode.swift; path = TransformingOperators.swift; sourceTree = "<group>"; };
		9FEE8F26226A272200DAF030 /* SourceTableViewCell.swift */ = {isa = PBXFileReference; lastKnownFileType = sourcecode.swift; path = SourceTableViewCell.swift; sourceTree = "<group>"; };
/* End PBXFileReference section */

/* Begin PBXFrameworksBuildPhase section */
		9F2A1D7C2269CEBC00F6D903 /* Frameworks */ = {
			isa = PBXFrameworksBuildPhase;
			buildActionMask = 2147483647;
			files = (
				45C6232BBA6A9B525626C097 /* Pods_Model.framework in Frameworks */,
			);
			runOnlyForDeploymentPostprocessing = 0;
		};
		9F36C6A321426EBB006DEDCB /* Frameworks */ = {
			isa = PBXFrameworksBuildPhase;
			buildActionMask = 2147483647;
			files = (
				9F2A1D862269CEBC00F6D903 /* Model.framework in Frameworks */,
				D4530919CCF0B76B0B67491B /* Pods_RxSwiftNew.framework in Frameworks */,
			);
			runOnlyForDeploymentPostprocessing = 0;
		};
/* End PBXFrameworksBuildPhase section */

/* Begin PBXGroup section */
		45377FDFA5B114CD7573287E /* Pods */ = {
			isa = PBXGroup;
			children = (
				4D0657B16A5593EFC5AC148C /* Pods-RxSwiftNew.debug.xcconfig */,
				31A739B7392D6793650322FA /* Pods-RxSwiftNew.release.xcconfig */,
				51E17D2DB07D0F3468440D77 /* Pods-Model.debug.xcconfig */,
				4AE1D8F7FE079D7EF9C1EF5B /* Pods-Model.release.xcconfig */,
			);
			name = Pods;
			sourceTree = "<group>";
		};
		85932FC9371F30F5E57A910E /* Frameworks */ = {
			isa = PBXGroup;
			children = (
				0C547FB965E30238AAC5F552 /* Pods_RxSwiftNew.framework */,
				2E547E2F4966F05551BC1E52 /* Pods_Model.framework */,
			);
			name = Frameworks;
			sourceTree = "<group>";
		};
		9F2A1D802269CEBC00F6D903 /* Model */ = {
			isa = PBXGroup;
			children = (
				9F2A1DA92269D4EB00F6D903 /* API */,
				9F2A1DB52269D4EB00F6D903 /* DataModel */,
				9F2A1D812269CEBC00F6D903 /* Model.h */,
				9F2A1D822269CEBC00F6D903 /* Info.plist */,
			);
			path = Model;
			sourceTree = "<group>";
		};
		9F2A1DA92269D4EB00F6D903 /* API */ = {
			isa = PBXGroup;
			children = (
				9F2A1DB22269D4EB00F6D903 /* RxSwiftAPIClient.swift */,
				9F6F8CF42269DD670012AD86 /* Configurations */,
				9F6F8CF32269DD500012AD86 /* Error */,
				9F2A1DB02269D4EB00F6D903 /* Parsing */,
				9F2A1DB32269D4EB00F6D903 /* Router */,
			);
			path = API;
			sourceTree = "<group>";
		};
		9F2A1DB02269D4EB00F6D903 /* Parsing */ = {
			isa = PBXGroup;
			children = (
				9F2A1DB12269D4EB00F6D903 /* Date+JSON.swift */,
			);
			path = Parsing;
			sourceTree = "<group>";
		};
		9F2A1DB32269D4EB00F6D903 /* Router */ = {
			isa = PBXGroup;
			children = (
				9F2A1DAD2269D4EB00F6D903 /* BaseRouter.swift */,
				9F2A1DB42269D4EB00F6D903 /* SourceRouter.swift */,
			);
			path = Router;
			sourceTree = "<group>";
		};
		9F2A1DB52269D4EB00F6D903 /* DataModel */ = {
			isa = PBXGroup;
			children = (
				9F2A1DB62269D4EB00F6D903 /* DataModel.swift */,
				9F2A1DB72269D4EB00F6D903 /* API */,
				9F2A1DB82269D4EB00F6D903 /* Entities */,
			);
			path = DataModel;
			sourceTree = "<group>";
		};
		9F2A1DB72269D4EB00F6D903 /* API */ = {
			isa = PBXGroup;
			children = (
				9F6F8CF72269DDD10012AD86 /* Source+API.swift */,
			);
			path = API;
			sourceTree = "<group>";
		};
		9F2A1DB82269D4EB00F6D903 /* Entities */ = {
			isa = PBXGroup;
			children = (
				9F6F8CF52269DDA50012AD86 /* Source.swift */,
			);
			path = Entities;
			sourceTree = "<group>";
		};
		9F36C69D21426EBB006DEDCB = {
			isa = PBXGroup;
			children = (
				9F36C6A821426EBB006DEDCB /* RxSwiftNew */,
				9F2A1D802269CEBC00F6D903 /* Model */,
				9F36C6A721426EBB006DEDCB /* Products */,
				45377FDFA5B114CD7573287E /* Pods */,
				85932FC9371F30F5E57A910E /* Frameworks */,
			);
			sourceTree = "<group>";
		};
		9F36C6A721426EBB006DEDCB /* Products */ = {
			isa = PBXGroup;
			children = (
				9F36C6A621426EBB006DEDCB /* RxSwiftNew.app */,
				9F2A1D7F2269CEBC00F6D903 /* Model.framework */,
			);
			name = Products;
			sourceTree = "<group>";
		};
		9F36C6A821426EBB006DEDCB /* RxSwiftNew */ = {
			isa = PBXGroup;
			children = (
				9F8A4A7C222673D100FC30C4 /* Learn Module */,
				9F8A4A7E2226747700FC30C4 /* ImageCollage */,
				9F6F8D092269E2C30012AD86 /* Helpers */,
				9F6F8CF92269E2950012AD86 /* Common */,
				9F8A4A7D222673EE00FC30C4 /* Resources */,
			);
			path = RxSwiftNew;
			sourceTree = "<group>";
		};
		9F6F8CF32269DD500012AD86 /* Error */ = {
			isa = PBXGroup;
			children = (
				9F2A1DAE2269D4EB00F6D903 /* ErrorResponse.swift */,
				9F2A1DAA2269D4EB00F6D903 /* APIError.swift */,
				9F2A1DAB2269D4EB00F6D903 /* ModelError.swift */,
			);
			path = Error;
			sourceTree = "<group>";
		};
		9F6F8CF42269DD670012AD86 /* Configurations */ = {
			isa = PBXGroup;
			children = (
				9F2A1DAC2269D4EB00F6D903 /* APIConfig.swift */,
				9F2A1DAF2269D4EB00F6D903 /* AuthHeaders.swift */,
			);
			path = Configurations;
			sourceTree = "<group>";
		};
		9F6F8CF92269E2950012AD86 /* Common */ = {
			isa = PBXGroup;
			children = (
				9F6F8CFA2269E2950012AD86 /* CollectionCell */,
				9F6F8CFC2269E2950012AD86 /* ImageView */,
				9F6F8CFE2269E2950012AD86 /* TableCell */,
				9F6F8D002269E2950012AD86 /* TextField */,
				9F6F8D022269E2950012AD86 /* Loader */,
			);
			path = Common;
			sourceTree = "<group>";
		};
		9F6F8CFA2269E2950012AD86 /* CollectionCell */ = {
			isa = PBXGroup;
			children = (
				9F6F8CFB2269E2950012AD86 /* CollectionViewCell.swift */,
			);
			path = CollectionCell;
			sourceTree = "<group>";
		};
		9F6F8CFC2269E2950012AD86 /* ImageView */ = {
			isa = PBXGroup;
			children = (
				9F6F8CFD2269E2950012AD86 /* ImageView.swift */,
			);
			path = ImageView;
			sourceTree = "<group>";
		};
		9F6F8CFE2269E2950012AD86 /* TableCell */ = {
			isa = PBXGroup;
			children = (
				9F6F8CFF2269E2950012AD86 /* TableViewCell.swift */,
			);
			path = TableCell;
			sourceTree = "<group>";
		};
		9F6F8D002269E2950012AD86 /* TextField */ = {
			isa = PBXGroup;
			children = (
				9F6F8D012269E2950012AD86 /* TextField.swift */,
			);
			path = TextField;
			sourceTree = "<group>";
		};
		9F6F8D022269E2950012AD86 /* Loader */ = {
			isa = PBXGroup;
			children = (
				9F6F8D032269E2950012AD86 /* Loader.swift */,
			);
			path = Loader;
			sourceTree = "<group>";
		};
		9F6F8D092269E2C30012AD86 /* Helpers */ = {
			isa = PBXGroup;
			children = (
				9F6F8D0A2269E2C30012AD86 /* UIViewController+Helper.swift */,
				9F6F8D0B2269E2C30012AD86 /* NavigationBar.swift */,
				9F6F8D0D2269E2C30012AD86 /* UIView+Helper.swift */,
				9F6F8D0E2269E2C30012AD86 /* AppUtility.swift */,
				9F6F8D0F2269E2C30012AD86 /* Fonts.swift */,
				9F6F8D102269E2C30012AD86 /* HTML+Helper.swift */,
				9F6F8D112269E2C30012AD86 /* Int+Random.swift */,
				9F6F8D122269E2C30012AD86 /* Colors.swift */,
				9F6F8D132269E2C30012AD86 /* Date+Helper.swift */,
				9F6F8D142269E2C30012AD86 /* NavigationItem.swift */,
				9F6F8D152269E2C30012AD86 /* UIView+Slider.swift */,
				9F6F8D162269E2C30012AD86 /* String+Helper.swift */,
			);
			path = Helpers;
			sourceTree = "<group>";
		};
		9F8A4A7C222673D100FC30C4 /* Learn Module */ = {
			isa = PBXGroup;
			children = (
				9F643A1E2185D5E600A7EFAF /* MyTableViewCell.swift */,
				9F643A202185D66300A7EFAF /* MyViewController.swift */,
				9F4AA352219AC20B00302F0C /* LoginViewController.swift */,
				9FA4BB402162BA9D009A2A41 /* ObservableDemo.swift */,
				9F7889BE21733F18003C56D9 /* FilteringOperators.swift */,
				9FD495882184AA7500B7E56E /* TransformingOperators.swift */,
				9FA57DC4221F05B100326B17 /* SubjectsDemo.swift */,
				9F36C6AB21426EBC006DEDCB /* ViewController.swift */,
				9F36C6AD21426EBC006DEDCB /* Main.storyboard */,
			);
			path = "Learn Module";
			sourceTree = "<group>";
		};
		9F8A4A7D222673EE00FC30C4 /* Resources */ = {
			isa = PBXGroup;
			children = (
				9F36C6A921426EBB006DEDCB /* AppDelegate.swift */,
				9F36C6B021426EBD006DEDCB /* Assets.xcassets */,
				9F36C6B221426EBD006DEDCB /* LaunchScreen.storyboard */,
				9F36C6B521426EBD006DEDCB /* Info.plist */,
			);
			path = Resources;
			sourceTree = "<group>";
		};
		9F8A4A7E2226747700FC30C4 /* ImageCollage */ = {
			isa = PBXGroup;
			children = (
				9F8A4A7F2226776400FC30C4 /* ImageCollage.storyboard */,
				9F8A4A812226791300FC30C4 /* ImageCollageViewController.swift */,
				9FEE8F26226A272200DAF030 /* SourceTableViewCell.swift */,
			);
			path = ImageCollage;
			sourceTree = "<group>";
		};
/* End PBXGroup section */

/* Begin PBXHeadersBuildPhase section */
		9F2A1D7A2269CEBC00F6D903 /* Headers */ = {
			isa = PBXHeadersBuildPhase;
			buildActionMask = 2147483647;
			files = (
				9F2A1D832269CEBC00F6D903 /* Model.h in Headers */,
			);
			runOnlyForDeploymentPostprocessing = 0;
		};
/* End PBXHeadersBuildPhase section */

/* Begin PBXNativeTarget section */
		9F2A1D7E2269CEBC00F6D903 /* Model */ = {
			isa = PBXNativeTarget;
			buildConfigurationList = 9F2A1D882269CEBC00F6D903 /* Build configuration list for PBXNativeTarget "Model" */;
			buildPhases = (
				0464B6FA8F6233381D2A8F78 /* [CP] Check Pods Manifest.lock */,
				9F2A1D7A2269CEBC00F6D903 /* Headers */,
				9F2A1D7B2269CEBC00F6D903 /* Sources */,
				9F2A1D7C2269CEBC00F6D903 /* Frameworks */,
				9F2A1D7D2269CEBC00F6D903 /* Resources */,
			);
			buildRules = (
			);
			dependencies = (
			);
			name = Model;
			productName = Model;
			productReference = 9F2A1D7F2269CEBC00F6D903 /* Model.framework */;
			productType = "com.apple.product-type.framework";
		};
		9F36C6A521426EBB006DEDCB /* RxSwiftNew */ = {
			isa = PBXNativeTarget;
			buildConfigurationList = 9F36C6B821426EBD006DEDCB /* Build configuration list for PBXNativeTarget "RxSwiftNew" */;
			buildPhases = (
				689A6D872008EEA44ABDC543 /* [CP] Check Pods Manifest.lock */,
				9F36C6A221426EBB006DEDCB /* Sources */,
				9F36C6A321426EBB006DEDCB /* Frameworks */,
				9F36C6A421426EBB006DEDCB /* Resources */,
				9F2A1D8B2269CEBC00F6D903 /* Embed Frameworks */,
				D7E359869497EF55AB8C113A /* [CP] Embed Pods Frameworks */,
			);
			buildRules = (
			);
			dependencies = (
				9F2A1D852269CEBC00F6D903 /* PBXTargetDependency */,
			);
			name = RxSwiftNew;
			productName = RxSwiftNew;
			productReference = 9F36C6A621426EBB006DEDCB /* RxSwiftNew.app */;
			productType = "com.apple.product-type.application";
		};
/* End PBXNativeTarget section */

/* Begin PBXProject section */
		9F36C69E21426EBB006DEDCB /* Project object */ = {
			isa = PBXProject;
			attributes = {
				LastSwiftUpdateCheck = 0940;
				LastUpgradeCheck = 0940;
				ORGANIZATIONNAME = "Abhishek Thapliyal";
				TargetAttributes = {
					9F2A1D7E2269CEBC00F6D903 = {
						CreatedOnToolsVersion = 10.2;
					};
					9F36C6A521426EBB006DEDCB = {
						CreatedOnToolsVersion = 9.4;
					};
				};
			};
			buildConfigurationList = 9F36C6A121426EBB006DEDCB /* Build configuration list for PBXProject "RxSwiftNew" */;
			compatibilityVersion = "Xcode 9.3";
			developmentRegion = en;
			hasScannedForEncodings = 0;
			knownRegions = (
				en,
				Base,
			);
			mainGroup = 9F36C69D21426EBB006DEDCB;
			productRefGroup = 9F36C6A721426EBB006DEDCB /* Products */;
			projectDirPath = "";
			projectRoot = "";
			targets = (
				9F36C6A521426EBB006DEDCB /* RxSwiftNew */,
				9F2A1D7E2269CEBC00F6D903 /* Model */,
			);
		};
/* End PBXProject section */

/* Begin PBXResourcesBuildPhase section */
		9F2A1D7D2269CEBC00F6D903 /* Resources */ = {
			isa = PBXResourcesBuildPhase;
			buildActionMask = 2147483647;
			files = (
			);
			runOnlyForDeploymentPostprocessing = 0;
		};
		9F36C6A421426EBB006DEDCB /* Resources */ = {
			isa = PBXResourcesBuildPhase;
			buildActionMask = 2147483647;
			files = (
				9F8A4A802226776400FC30C4 /* ImageCollage.storyboard in Resources */,
				9F36C6B421426EBD006DEDCB /* LaunchScreen.storyboard in Resources */,
				9F36C6B121426EBD006DEDCB /* Assets.xcassets in Resources */,
				9F36C6AF21426EBC006DEDCB /* Main.storyboard in Resources */,
			);
			runOnlyForDeploymentPostprocessing = 0;
		};
/* End PBXResourcesBuildPhase section */

/* Begin PBXShellScriptBuildPhase section */
		0464B6FA8F6233381D2A8F78 /* [CP] Check Pods Manifest.lock */ = {
			isa = PBXShellScriptBuildPhase;
			buildActionMask = 2147483647;
			files = (
			);
			inputFileListPaths = (
			);
			inputPaths = (
				"${PODS_PODFILE_DIR_PATH}/Podfile.lock",
				"${PODS_ROOT}/Manifest.lock",
			);
			name = "[CP] Check Pods Manifest.lock";
			outputFileListPaths = (
			);
			outputPaths = (
				"$(DERIVED_FILE_DIR)/Pods-Model-checkManifestLockResult.txt",
			);
			runOnlyForDeploymentPostprocessing = 0;
			shellPath = /bin/sh;
			shellScript = "diff \"${PODS_PODFILE_DIR_PATH}/Podfile.lock\" \"${PODS_ROOT}/Manifest.lock\" > /dev/null\nif [ $? != 0 ] ; then\n    # print error to STDERR\n    echo \"error: The sandbox is not in sync with the Podfile.lock. Run 'pod install' or update your CocoaPods installation.\" >&2\n    exit 1\nfi\n# This output is used by Xcode 'outputs' to avoid re-running this script phase.\necho \"SUCCESS\" > \"${SCRIPT_OUTPUT_FILE_0}\"\n";
			showEnvVarsInLog = 0;
		};
		689A6D872008EEA44ABDC543 /* [CP] Check Pods Manifest.lock */ = {
			isa = PBXShellScriptBuildPhase;
			buildActionMask = 2147483647;
			files = (
			);
			inputPaths = (
				"${PODS_PODFILE_DIR_PATH}/Podfile.lock",
				"${PODS_ROOT}/Manifest.lock",
			);
			name = "[CP] Check Pods Manifest.lock";
			outputPaths = (
				"$(DERIVED_FILE_DIR)/Pods-RxSwiftNew-checkManifestLockResult.txt",
			);
			runOnlyForDeploymentPostprocessing = 0;
			shellPath = /bin/sh;
			shellScript = "diff \"${PODS_PODFILE_DIR_PATH}/Podfile.lock\" \"${PODS_ROOT}/Manifest.lock\" > /dev/null\nif [ $? != 0 ] ; then\n    # print error to STDERR\n    echo \"error: The sandbox is not in sync with the Podfile.lock. Run 'pod install' or update your CocoaPods installation.\" >&2\n    exit 1\nfi\n# This output is used by Xcode 'outputs' to avoid re-running this script phase.\necho \"SUCCESS\" > \"${SCRIPT_OUTPUT_FILE_0}\"\n";
			showEnvVarsInLog = 0;
		};
		D7E359869497EF55AB8C113A /* [CP] Embed Pods Frameworks */ = {
			isa = PBXShellScriptBuildPhase;
			buildActionMask = 2147483647;
			files = (
			);
			inputFileListPaths = (
			);
			inputPaths = (
				"${PODS_ROOT}/Target Support Files/Pods-RxSwiftNew/Pods-RxSwiftNew-frameworks.sh",
				"${BUILT_PRODUCTS_DIR}/FLLogs/FLLogs.framework",
				"${BUILT_PRODUCTS_DIR}/FLUtilities/FLUtilities.framework",
				"${BUILT_PRODUCTS_DIR}/Kingfisher/Kingfisher.framework",
				"${BUILT_PRODUCTS_DIR}/MBProgressHUD/MBProgressHUD.framework",
				"${BUILT_PRODUCTS_DIR}/ObjcExceptionBridging/ObjcExceptionBridging.framework",
				"${BUILT_PRODUCTS_DIR}/RxCocoa/RxCocoa.framework",
				"${BUILT_PRODUCTS_DIR}/RxSwift/RxSwift.framework",
				"${BUILT_PRODUCTS_DIR}/XCGLogger/XCGLogger.framework",
				"${BUILT_PRODUCTS_DIR}/Alamofire/Alamofire.framework",
				"${BUILT_PRODUCTS_DIR}/AnyErrorKit/AnyErrorKit.framework",
				"${BUILT_PRODUCTS_DIR}/FoxAPIKit/FoxAPIKit.framework",
				"${BUILT_PRODUCTS_DIR}/JSONParsing/JSONParsing.framework",
				"${BUILT_PRODUCTS_DIR}/SwiftyJSON/SwiftyJSON.framework",
			);
			name = "[CP] Embed Pods Frameworks";
			outputFileListPaths = (
			);
			outputPaths = (
				"${TARGET_BUILD_DIR}/${FRAMEWORKS_FOLDER_PATH}/FLLogs.framework",
				"${TARGET_BUILD_DIR}/${FRAMEWORKS_FOLDER_PATH}/FLUtilities.framework",
				"${TARGET_BUILD_DIR}/${FRAMEWORKS_FOLDER_PATH}/Kingfisher.framework",
				"${TARGET_BUILD_DIR}/${FRAMEWORKS_FOLDER_PATH}/MBProgressHUD.framework",
				"${TARGET_BUILD_DIR}/${FRAMEWORKS_FOLDER_PATH}/ObjcExceptionBridging.framework",
				"${TARGET_BUILD_DIR}/${FRAMEWORKS_FOLDER_PATH}/RxCocoa.framework",
				"${TARGET_BUILD_DIR}/${FRAMEWORKS_FOLDER_PATH}/RxSwift.framework",
				"${TARGET_BUILD_DIR}/${FRAMEWORKS_FOLDER_PATH}/XCGLogger.framework",
				"${TARGET_BUILD_DIR}/${FRAMEWORKS_FOLDER_PATH}/Alamofire.framework",
				"${TARGET_BUILD_DIR}/${FRAMEWORKS_FOLDER_PATH}/AnyErrorKit.framework",
				"${TARGET_BUILD_DIR}/${FRAMEWORKS_FOLDER_PATH}/FoxAPIKit.framework",
				"${TARGET_BUILD_DIR}/${FRAMEWORKS_FOLDER_PATH}/JSONParsing.framework",
				"${TARGET_BUILD_DIR}/${FRAMEWORKS_FOLDER_PATH}/SwiftyJSON.framework",
			);
			runOnlyForDeploymentPostprocessing = 0;
			shellPath = /bin/sh;
			shellScript = "\"${PODS_ROOT}/Target Support Files/Pods-RxSwiftNew/Pods-RxSwiftNew-frameworks.sh\"\n";
			showEnvVarsInLog = 0;
		};
/* End PBXShellScriptBuildPhase section */

/* Begin PBXSourcesBuildPhase section */
		9F2A1D7B2269CEBC00F6D903 /* Sources */ = {
			isa = PBXSourcesBuildPhase;
			buildActionMask = 2147483647;
			files = (
				9F2A1DBF2269D4EC00F6D903 /* ErrorResponse.swift in Sources */,
				9F2A1DBC2269D4EC00F6D903 /* ModelError.swift in Sources */,
				9F2A1DBB2269D4EC00F6D903 /* APIError.swift in Sources */,
				9F2A1DBD2269D4EC00F6D903 /* APIConfig.swift in Sources */,
				9F6F8CF62269DDA50012AD86 /* Source.swift in Sources */,
				9F6F8CF82269DDD10012AD86 /* Source+API.swift in Sources */,
				9F2A1DC32269D4EC00F6D903 /* SourceRouter.swift in Sources */,
				9F2A1DC42269D4EC00F6D903 /* DataModel.swift in Sources */,
				9F2A1DC02269D4EC00F6D903 /* AuthHeaders.swift in Sources */,
				9F2A1DC22269D4EC00F6D903 /* RxSwiftAPIClient.swift in Sources */,
				9F2A1DC12269D4EC00F6D903 /* Date+JSON.swift in Sources */,
				9F2A1DBE2269D4EC00F6D903 /* BaseRouter.swift in Sources */,
			);
			runOnlyForDeploymentPostprocessing = 0;
		};
		9F36C6A221426EBB006DEDCB /* Sources */ = {
			isa = PBXSourcesBuildPhase;
			buildActionMask = 2147483647;
			files = (
				9F6F8D182269E2C30012AD86 /* NavigationBar.swift in Sources */,
				9F6F8D1F2269E2C30012AD86 /* Colors.swift in Sources */,
				9F6F8D172269E2C30012AD86 /* UIViewController+Helper.swift in Sources */,
				9F6F8D1D2269E2C30012AD86 /* HTML+Helper.swift in Sources */,
				9F6F8D222269E2C30012AD86 /* UIView+Slider.swift in Sources */,
				9F6F8D062269E2950012AD86 /* TableViewCell.swift in Sources */,
				9F6F8D1E2269E2C30012AD86 /* Int+Random.swift in Sources */,
				9F6F8D052269E2950012AD86 /* ImageView.swift in Sources */,
				9F6F8D1A2269E2C30012AD86 /* UIView+Helper.swift in Sources */,
				9F8A4A822226791300FC30C4 /* ImageCollageViewController.swift in Sources */,
				9F6F8D072269E2950012AD86 /* TextField.swift in Sources */,
				9F6F8D1C2269E2C30012AD86 /* Fonts.swift in Sources */,
				9F36C6AC21426EBC006DEDCB /* ViewController.swift in Sources */,
				9FA57DC5221F05B100326B17 /* SubjectsDemo.swift in Sources */,
				9F6F8D202269E2C30012AD86 /* Date+Helper.swift in Sources */,
				9FD495892184AA7500B7E56E /* TransformingOperators.swift in Sources */,
				9F6F8D232269E2C30012AD86 /* String+Helper.swift in Sources */,
				9F36C6AA21426EBB006DEDCB /* AppDelegate.swift in Sources */,
				9F643A212185D66300A7EFAF /* MyViewController.swift in Sources */,
				9F6F8D1B2269E2C30012AD86 /* AppUtility.swift in Sources */,
				9F4AA353219AC20B00302F0C /* LoginViewController.swift in Sources */,
				9F7889BF21733F18003C56D9 /* FilteringOperators.swift in Sources */,
				9FA4BB412162BA9D009A2A41 /* ObservableDemo.swift in Sources */,
				9F643A1F2185D5E600A7EFAF /* MyTableViewCell.swift in Sources */,
				9FEE8F27226A272200DAF030 /* SourceTableViewCell.swift in Sources */,
				9F6F8D042269E2950012AD86 /* CollectionViewCell.swift in Sources */,
				9F6F8D212269E2C30012AD86 /* NavigationItem.swift in Sources */,
				9F6F8D082269E2950012AD86 /* Loader.swift in Sources */,
			);
			runOnlyForDeploymentPostprocessing = 0;
		};
/* End PBXSourcesBuildPhase section */

/* Begin PBXTargetDependency section */
		9F2A1D852269CEBC00F6D903 /* PBXTargetDependency */ = {
			isa = PBXTargetDependency;
			target = 9F2A1D7E2269CEBC00F6D903 /* Model */;
			targetProxy = 9F2A1D842269CEBC00F6D903 /* PBXContainerItemProxy */;
		};
/* End PBXTargetDependency section */

/* Begin PBXVariantGroup section */
		9F36C6AD21426EBC006DEDCB /* Main.storyboard */ = {
			isa = PBXVariantGroup;
			children = (
				9F36C6AE21426EBC006DEDCB /* Base */,
			);
			name = Main.storyboard;
			sourceTree = "<group>";
		};
		9F36C6B221426EBD006DEDCB /* LaunchScreen.storyboard */ = {
			isa = PBXVariantGroup;
			children = (
				9F36C6B321426EBD006DEDCB /* Base */,
			);
			name = LaunchScreen.storyboard;
			sourceTree = "<group>";
		};
/* End PBXVariantGroup section */

/* Begin XCBuildConfiguration section */
		9F2A1D892269CEBC00F6D903 /* Debug */ = {
			isa = XCBuildConfiguration;
			baseConfigurationReference = 51E17D2DB07D0F3468440D77 /* Pods-Model.debug.xcconfig */;
			buildSettings = {
				CODE_SIGN_IDENTITY = "";
				CODE_SIGN_STYLE = Automatic;
				CURRENT_PROJECT_VERSION = 1;
				DEFINES_MODULE = YES;
				DEVELOPMENT_TEAM = KC9N23CAXG;
				DYLIB_COMPATIBILITY_VERSION = 1;
				DYLIB_CURRENT_VERSION = 1;
				DYLIB_INSTALL_NAME_BASE = "@rpath";
				INFOPLIST_FILE = Model/Info.plist;
				INSTALL_PATH = "$(LOCAL_LIBRARY_DIR)/Frameworks";
				IPHONEOS_DEPLOYMENT_TARGET = 10.0;
				LD_RUNPATH_SEARCH_PATHS = (
					"$(inherited)",
					"@executable_path/Frameworks",
					"@loader_path/Frameworks",
				);
				MTL_ENABLE_DEBUG_INFO = INCLUDE_SOURCE;
				MTL_FAST_MATH = YES;
				PRODUCT_BUNDLE_IDENTIFIER = com.nickelfox.testpush.Model;
				PRODUCT_NAME = "$(TARGET_NAME:c99extidentifier)";
				SKIP_INSTALL = YES;
				SWIFT_VERSION = 4.0;
				TARGETED_DEVICE_FAMILY = "1,2";
				VERSIONING_SYSTEM = "apple-generic";
				VERSION_INFO_PREFIX = "";
			};
			name = Debug;
		};
		9F2A1D8A2269CEBC00F6D903 /* Release */ = {
			isa = XCBuildConfiguration;
			baseConfigurationReference = 4AE1D8F7FE079D7EF9C1EF5B /* Pods-Model.release.xcconfig */;
			buildSettings = {
				CODE_SIGN_IDENTITY = "";
				CODE_SIGN_STYLE = Automatic;
				CURRENT_PROJECT_VERSION = 1;
				DEFINES_MODULE = YES;
				DEVELOPMENT_TEAM = KC9N23CAXG;
				DYLIB_COMPATIBILITY_VERSION = 1;
				DYLIB_CURRENT_VERSION = 1;
				DYLIB_INSTALL_NAME_BASE = "@rpath";
				INFOPLIST_FILE = Model/Info.plist;
				INSTALL_PATH = "$(LOCAL_LIBRARY_DIR)/Frameworks";
				IPHONEOS_DEPLOYMENT_TARGET = 10.0;
				LD_RUNPATH_SEARCH_PATHS = (
					"$(inherited)",
					"@executable_path/Frameworks",
					"@loader_path/Frameworks",
				);
				MTL_FAST_MATH = YES;
				PRODUCT_BUNDLE_IDENTIFIER = com.nickelfox.testpush.Model;
				PRODUCT_NAME = "$(TARGET_NAME:c99extidentifier)";
				SKIP_INSTALL = YES;
				SWIFT_VERSION = 4.0;
				TARGETED_DEVICE_FAMILY = "1,2";
				VERSIONING_SYSTEM = "apple-generic";
				VERSION_INFO_PREFIX = "";
			};
			name = Release;
		};
		9F36C6B621426EBD006DEDCB /* Debug */ = {
			isa = XCBuildConfiguration;
			buildSettings = {
				ALWAYS_SEARCH_USER_PATHS = NO;
				CLANG_ANALYZER_NONNULL = YES;
				CLANG_ANALYZER_NUMBER_OBJECT_CONVERSION = YES_AGGRESSIVE;
				CLANG_CXX_LANGUAGE_STANDARD = "gnu++14";
				CLANG_CXX_LIBRARY = "libc++";
				CLANG_ENABLE_MODULES = YES;
				CLANG_ENABLE_OBJC_ARC = YES;
				CLANG_ENABLE_OBJC_WEAK = YES;
				CLANG_WARN_BLOCK_CAPTURE_AUTORELEASING = YES;
				CLANG_WARN_BOOL_CONVERSION = YES;
				CLANG_WARN_COMMA = YES;
				CLANG_WARN_CONSTANT_CONVERSION = YES;
				CLANG_WARN_DEPRECATED_OBJC_IMPLEMENTATIONS = YES;
				CLANG_WARN_DIRECT_OBJC_ISA_USAGE = YES_ERROR;
				CLANG_WARN_DOCUMENTATION_COMMENTS = YES;
				CLANG_WARN_EMPTY_BODY = YES;
				CLANG_WARN_ENUM_CONVERSION = YES;
				CLANG_WARN_INFINITE_RECURSION = YES;
				CLANG_WARN_INT_CONVERSION = YES;
				CLANG_WARN_NON_LITERAL_NULL_CONVERSION = YES;
				CLANG_WARN_OBJC_IMPLICIT_RETAIN_SELF = YES;
				CLANG_WARN_OBJC_LITERAL_CONVERSION = YES;
				CLANG_WARN_OBJC_ROOT_CLASS = YES_ERROR;
				CLANG_WARN_RANGE_LOOP_ANALYSIS = YES;
				CLANG_WARN_STRICT_PROTOTYPES = YES;
				CLANG_WARN_SUSPICIOUS_MOVE = YES;
				CLANG_WARN_UNGUARDED_AVAILABILITY = YES_AGGRESSIVE;
				CLANG_WARN_UNREACHABLE_CODE = YES;
				CLANG_WARN__DUPLICATE_METHOD_MATCH = YES;
				CODE_SIGN_IDENTITY = "iPhone Developer";
				COPY_PHASE_STRIP = NO;
				DEBUG_INFORMATION_FORMAT = dwarf;
				ENABLE_STRICT_OBJC_MSGSEND = YES;
				ENABLE_TESTABILITY = YES;
				GCC_C_LANGUAGE_STANDARD = gnu11;
				GCC_DYNAMIC_NO_PIC = NO;
				GCC_NO_COMMON_BLOCKS = YES;
				GCC_OPTIMIZATION_LEVEL = 0;
				GCC_PREPROCESSOR_DEFINITIONS = (
					"DEBUG=1",
					"$(inherited)",
				);
				GCC_WARN_64_TO_32_BIT_CONVERSION = YES;
				GCC_WARN_ABOUT_RETURN_TYPE = YES_ERROR;
				GCC_WARN_UNDECLARED_SELECTOR = YES;
				GCC_WARN_UNINITIALIZED_AUTOS = YES_AGGRESSIVE;
				GCC_WARN_UNUSED_FUNCTION = YES;
				GCC_WARN_UNUSED_VARIABLE = YES;
				IPHONEOS_DEPLOYMENT_TARGET = 10.0;
				MTL_ENABLE_DEBUG_INFO = YES;
				ONLY_ACTIVE_ARCH = YES;
				SDKROOT = iphoneos;
				SWIFT_ACTIVE_COMPILATION_CONDITIONS = DEBUG;
				SWIFT_OPTIMIZATION_LEVEL = "-Onone";
			};
			name = Debug;
		};
		9F36C6B721426EBD006DEDCB /* Release */ = {
			isa = XCBuildConfiguration;
			buildSettings = {
				ALWAYS_SEARCH_USER_PATHS = NO;
				CLANG_ANALYZER_NONNULL = YES;
				CLANG_ANALYZER_NUMBER_OBJECT_CONVERSION = YES_AGGRESSIVE;
				CLANG_CXX_LANGUAGE_STANDARD = "gnu++14";
				CLANG_CXX_LIBRARY = "libc++";
				CLANG_ENABLE_MODULES = YES;
				CLANG_ENABLE_OBJC_ARC = YES;
				CLANG_ENABLE_OBJC_WEAK = YES;
				CLANG_WARN_BLOCK_CAPTURE_AUTORELEASING = YES;
				CLANG_WARN_BOOL_CONVERSION = YES;
				CLANG_WARN_COMMA = YES;
				CLANG_WARN_CONSTANT_CONVERSION = YES;
				CLANG_WARN_DEPRECATED_OBJC_IMPLEMENTATIONS = YES;
				CLANG_WARN_DIRECT_OBJC_ISA_USAGE = YES_ERROR;
				CLANG_WARN_DOCUMENTATION_COMMENTS = YES;
				CLANG_WARN_EMPTY_BODY = YES;
				CLANG_WARN_ENUM_CONVERSION = YES;
				CLANG_WARN_INFINITE_RECURSION = YES;
				CLANG_WARN_INT_CONVERSION = YES;
				CLANG_WARN_NON_LITERAL_NULL_CONVERSION = YES;
				CLANG_WARN_OBJC_IMPLICIT_RETAIN_SELF = YES;
				CLANG_WARN_OBJC_LITERAL_CONVERSION = YES;
				CLANG_WARN_OBJC_ROOT_CLASS = YES_ERROR;
				CLANG_WARN_RANGE_LOOP_ANALYSIS = YES;
				CLANG_WARN_STRICT_PROTOTYPES = YES;
				CLANG_WARN_SUSPICIOUS_MOVE = YES;
				CLANG_WARN_UNGUARDED_AVAILABILITY = YES_AGGRESSIVE;
				CLANG_WARN_UNREACHABLE_CODE = YES;
				CLANG_WARN__DUPLICATE_METHOD_MATCH = YES;
				CODE_SIGN_IDENTITY = "iPhone Developer";
				COPY_PHASE_STRIP = NO;
				DEBUG_INFORMATION_FORMAT = "dwarf-with-dsym";
				ENABLE_NS_ASSERTIONS = NO;
				ENABLE_STRICT_OBJC_MSGSEND = YES;
				GCC_C_LANGUAGE_STANDARD = gnu11;
				GCC_NO_COMMON_BLOCKS = YES;
				GCC_WARN_64_TO_32_BIT_CONVERSION = YES;
				GCC_WARN_ABOUT_RETURN_TYPE = YES_ERROR;
				GCC_WARN_UNDECLARED_SELECTOR = YES;
				GCC_WARN_UNINITIALIZED_AUTOS = YES_AGGRESSIVE;
				GCC_WARN_UNUSED_FUNCTION = YES;
				GCC_WARN_UNUSED_VARIABLE = YES;
				IPHONEOS_DEPLOYMENT_TARGET = 10.0;
				MTL_ENABLE_DEBUG_INFO = NO;
				SDKROOT = iphoneos;
				SWIFT_COMPILATION_MODE = wholemodule;
				SWIFT_OPTIMIZATION_LEVEL = "-O";
				VALIDATE_PRODUCT = YES;
			};
			name = Release;
		};
		9F36C6B921426EBD006DEDCB /* Debug */ = {
			isa = XCBuildConfiguration;
			baseConfigurationReference = 4D0657B16A5593EFC5AC148C /* Pods-RxSwiftNew.debug.xcconfig */;
			buildSettings = {
				ALWAYS_EMBED_SWIFT_STANDARD_LIBRARIES = YES;
				ASSETCATALOG_COMPILER_APPICON_NAME = AppIcon;
				CODE_SIGN_STYLE = Automatic;
				DEVELOPMENT_TEAM = KC9N23CAXG;
				INFOPLIST_FILE = RxSwiftNew/Resources/Info.plist;
				IPHONEOS_DEPLOYMENT_TARGET = 10.0;
				LD_RUNPATH_SEARCH_PATHS = (
					"$(inherited)",
					"@executable_path/Frameworks",
				);
				PRODUCT_BUNDLE_IDENTIFIER = com.nickelfox.RxSwiftNew;
				PRODUCT_NAME = "$(TARGET_NAME)";
				SWIFT_VERSION = 4.0;
				TARGETED_DEVICE_FAMILY = "1,2";
			};
			name = Debug;
		};
		9F36C6BA21426EBD006DEDCB /* Release */ = {
			isa = XCBuildConfiguration;
			baseConfigurationReference = 31A739B7392D6793650322FA /* Pods-RxSwiftNew.release.xcconfig */;
			buildSettings = {
				ALWAYS_EMBED_SWIFT_STANDARD_LIBRARIES = YES;
				ASSETCATALOG_COMPILER_APPICON_NAME = AppIcon;
				CODE_SIGN_STYLE = Automatic;
				DEVELOPMENT_TEAM = KC9N23CAXG;
				INFOPLIST_FILE = RxSwiftNew/Resources/Info.plist;
				IPHONEOS_DEPLOYMENT_TARGET = 10.0;
				LD_RUNPATH_SEARCH_PATHS = (
					"$(inherited)",
					"@executable_path/Frameworks",
				);
				PRODUCT_BUNDLE_IDENTIFIER = com.nickelfox.RxSwiftNew;
				PRODUCT_NAME = "$(TARGET_NAME)";
				SWIFT_VERSION = 4.0;
				TARGETED_DEVICE_FAMILY = "1,2";
			};
			name = Release;
		};
/* End XCBuildConfiguration section */

/* Begin XCConfigurationList section */
		9F2A1D882269CEBC00F6D903 /* Build configuration list for PBXNativeTarget "Model" */ = {
			isa = XCConfigurationList;
			buildConfigurations = (
				9F2A1D892269CEBC00F6D903 /* Debug */,
				9F2A1D8A2269CEBC00F6D903 /* Release */,
			);
			defaultConfigurationIsVisible = 0;
			defaultConfigurationName = Release;
		};
		9F36C6A121426EBB006DEDCB /* Build configuration list for PBXProject "RxSwiftNew" */ = {
			isa = XCConfigurationList;
			buildConfigurations = (
				9F36C6B621426EBD006DEDCB /* Debug */,
				9F36C6B721426EBD006DEDCB /* Release */,
			);
			defaultConfigurationIsVisible = 0;
			defaultConfigurationName = Release;
		};
		9F36C6B821426EBD006DEDCB /* Build configuration list for PBXNativeTarget "RxSwiftNew" */ = {
			isa = XCConfigurationList;
			buildConfigurations = (
				9F36C6B921426EBD006DEDCB /* Debug */,
				9F36C6BA21426EBD006DEDCB /* Release */,
			);
			defaultConfigurationIsVisible = 0;
			defaultConfigurationName = Release;
		};
/* End XCConfigurationList section */
	};
	rootObject = 9F36C69E21426EBB006DEDCB /* Project object */;
}
