PODS:
  - Alamofire (4.8.2)
  - AnyErrorKit (0.1.4)
  - FLLogs (0.1.1):
    - XCGLogger (~> 6.1.0)
  - FLUtilities (0.1.0)
  - FoxAPIKit (0.2.0):
    - Alamofire (~> 4.7)
    - AnyErrorKit (~> 0.1.4)
    - JSONParsing (~> 0.2.0)
    - SwiftyJSON (~> 4.0)
  - JSONParsing (0.2.1):
    - AnyErrorKit (~> 0.1.1)
    - SwiftyJSON (~> 4.0)
  - Kingfisher (4.10.1)
  - MBProgressHUD (1.1.0)
  - ObjcExceptionBridging (1.0.1):
    - ObjcExceptionBridging/ObjcExceptionBridging (= 1.0.1)
  - ObjcExceptionBridging/ObjcExceptionBridging (1.0.1)
  - RxCocoa (4.5.0):
    - RxSwift (>= 4.4.2, ~> 4.4)
  - RxSwift (4.5.0)
  - SwiftyJSON (4.3.0)
  - XCGLogger (6.1.0):
    - XCGLogger/Core (= 6.1.0)
  - XCGLogger/Core (6.1.0):
    - ObjcExceptionBridging

DEPENDENCIES:
  - FLLogs (from `https://github.com/Nickelfox/FLLogs.git`)
  - FLUtilities (from `https://github.com/Nickelfox/FLUtilities.git`)
  - FoxAPIKit
  - Kingfisher (~> 4.0)
  - MBProgressHUD (~> 1.0)
  - RxCocoa (~> 4.0)
  - RxSwift (~> 4.0)

SPEC REPOS:
  https://github.com/cocoapods/specs.git:
    - Alamofire
    - AnyErrorKit
    - FoxAPIKit
    - JSONParsing
    - Kingfisher
    - MBProgressHUD
    - ObjcExceptionBridging
    - RxCocoa
    - RxSwift
    - SwiftyJSON
    - XCGLogger

EXTERNAL SOURCES:
  FLLogs:
    :git: https://github.com/Nickelfox/FLLogs.git
  FLUtilities:
    :git: https://github.com/Nickelfox/FLUtilities.git

CHECKOUT OPTIONS:
  FLLogs:
    :commit: 1f01a11a9791ade9904a75e71083a949464f0114
    :git: https://github.com/Nickelfox/FLLogs.git
  FLUtilities:
    :commit: d966feb4ebe332e9ecb4a005c7db848d9df89dc2
    :git: https://github.com/Nickelfox/FLUtilities.git

SPEC CHECKSUMS:
  Alamofire: ae5c501addb7afdbb13687d7f2f722c78734c2d3
  AnyErrorKit: 6083091402347e82158c4e6e565680bdd4d1928c
  FLLogs: e40e9f93b06efbc9c304e3d736701f6a1c586217
  FLUtilities: 1b101734a35e894fd019e3fe6b430214c8fa3186
  FoxAPIKit: 163e1f1405fd27f7d6eb1c8dd37041c1f56ed60e
  JSONParsing: 042f0e156c69002af7092084f3b9822867270b3d
  Kingfisher: c148cd7b47ebde9989f6bc7c27dcaa79d81279a0
  MBProgressHUD: e7baa36a220447d8aeb12769bf0585582f3866d9
  ObjcExceptionBridging: c30e00eb3700467e695faeea30e26e18bd445001
  RxCocoa: cbf70265dc65a981d4ac982e513c10cf23df24a0
  RxSwift: f172070dfd1a93d70a9ab97a5a01166206e1c575
  SwiftyJSON: 6faa0040f8b59dead0ee07436cbf76b73c08fd08
  XCGLogger: 7f7f43f15dfe3a305fa1342b7dc29af656289abd

PODFILE CHECKSUM: 4641c7cb95fd886a605fbb253739c68c3a28eda5

COCOAPODS: 1.6.1
